PODS:
  - AppAuth (1.6.2):
    - AppAuth/Core (= 1.6.2)
    - AppAuth/ExternalUserAgent (= 1.6.2)
  - AppAuth/Core (1.6.2)
  - AppAuth/ExternalUserAgent (1.6.2):
    - AppAuth/Core
  - connectivity (0.0.1):
    - Flutter
    - Reachability
  - device_info_plus (0.0.1):
    - Flutter
  - DKImagePickerController/Core (4.3.4):
    - DKImagePickerController/ImageDataManager
    - DKImagePickerController/Resource
  - DKImagePickerController/ImageDataManager (4.3.4)
  - DKImagePickerController/PhotoGallery (4.3.4):
    - DKImagePickerController/Core
    - DKPhotoGallery
  - DKImagePickerController/Resource (4.3.4)
  - DKPhotoGallery (0.0.17):
    - DKPhotoGallery/Core (= 0.0.17)
    - DKPhotoGallery/Model (= 0.0.17)
    - DKPhotoGallery/Preview (= 0.0.17)
    - DKPhotoGallery/Resource (= 0.0.17)
    - SDWebImage
    - SwiftyGif
  - DKPhotoGallery/Core (0.0.17):
    - DKPhotoGallery/Model
    - DKPhotoGallery/Preview
    - SDWebImage
    - SwiftyGif
  - DKPhotoGallery/Model (0.0.17):
    - SDWebImage
    - SwiftyGif
  - DKPhotoGallery/Preview (0.0.17):
    - DKPhotoGallery/Model
    - DKPhotoGallery/Resource
    - SDWebImage
    - SwiftyGif
  - DKPhotoGallery/Resource (0.0.17):
    - SDWebImage
    - SwiftyGif
  - facebook_app_events (0.0.1):
    - FBAudienceNetwork (~> 6.12)
    - FBSDKCoreKit (~> 16.0)
    - Flutter
  - FBAEMKit (16.1.3):
    - FBSDKCoreKit_Basics (= 16.1.3)
  - FBAudienceNetwork (6.14.0)
  - FBSDKCoreKit (16.1.3):
    - FBAEMKit (= 16.1.3)
    - FBSDKCoreKit_Basics (= 16.1.3)
  - FBSDKCoreKit_Basics (16.1.3)
  - file_picker (0.0.1):
    - DKImagePickerController/PhotoGallery
    - Flutter
  - Firebase/Analytics (10.15.0):
    - Firebase/Core
  - Firebase/Core (10.15.0):
    - Firebase/CoreOnly
    - FirebaseAnalytics (~> 10.15.0)
  - Firebase/CoreOnly (10.15.0):
    - FirebaseCore (= 10.15.0)
  - Firebase/DynamicLinks (10.15.0):
    - Firebase/CoreOnly
    - FirebaseDynamicLinks (~> 10.15.0)
  - Firebase/Messaging (10.15.0):
    - Firebase/CoreOnly
    - FirebaseMessaging (~> 10.15.0)
  - firebase_analytics (10.5.1):
    - Firebase/Analytics (= 10.15.0)
    - firebase_core
    - Flutter
  - firebase_core (2.17.0):
    - Firebase/CoreOnly (= 10.15.0)
    - Flutter
  - firebase_dynamic_links (5.3.7):
    - Firebase/DynamicLinks (= 10.15.0)
    - firebase_core
    - Flutter
  - firebase_messaging (14.6.9):
    - Firebase/Messaging (= 10.15.0)
    - firebase_core
    - Flutter
  - FirebaseAnalytics (10.15.0):
    - FirebaseAnalytics/AdIdSupport (= 10.15.0)
    - FirebaseCore (~> 10.0)
    - FirebaseInstallations (~> 10.0)
    - GoogleUtilities/AppDelegateSwizzler (~> 7.11)
    - GoogleUtilities/MethodSwizzler (~> 7.11)
    - GoogleUtilities/Network (~> 7.11)
    - "GoogleUtilities/NSData+zlib (~> 7.11)"
    - nanopb (< 2.30910.0, >= 2.30908.0)
  - FirebaseAnalytics/AdIdSupport (10.15.0):
    - FirebaseCore (~> 10.0)
    - FirebaseInstallations (~> 10.0)
    - GoogleAppMeasurement (= 10.15.0)
    - GoogleUtilities/AppDelegateSwizzler (~> 7.11)
    - GoogleUtilities/MethodSwizzler (~> 7.11)
    - GoogleUtilities/Network (~> 7.11)
    - "GoogleUtilities/NSData+zlib (~> 7.11)"
    - nanopb (< 2.30910.0, >= 2.30908.0)
  - FirebaseCore (10.15.0):
    - FirebaseCoreInternal (~> 10.0)
    - GoogleUtilities/Environment (~> 7.8)
    - GoogleUtilities/Logger (~> 7.8)
  - FirebaseCoreInternal (10.15.0):
    - "GoogleUtilities/NSData+zlib (~> 7.8)"
  - FirebaseDynamicLinks (10.15.0):
    - FirebaseCore (~> 10.0)
  - FirebaseInstallations (10.15.0):
    - FirebaseCore (~> 10.0)
    - GoogleUtilities/Environment (~> 7.8)
    - GoogleUtilities/UserDefaults (~> 7.8)
    - PromisesObjC (~> 2.1)
  - FirebaseMessaging (10.15.0):
    - FirebaseCore (~> 10.0)
    - FirebaseInstallations (~> 10.0)
    - GoogleDataTransport (~> 9.2)
    - GoogleUtilities/AppDelegateSwizzler (~> 7.8)
    - GoogleUtilities/Environment (~> 7.8)
    - GoogleUtilities/Reachability (~> 7.8)
    - GoogleUtilities/UserDefaults (~> 7.8)
    - nanopb (< 2.30910.0, >= 2.30908.0)
  - Flutter (1.0.0)
  - flutter_logs (0.0.1):
    - Flutter
    - ZIPFoundation
  - flutter_native_splash (0.0.1):
    - Flutter
  - flutter_secure_storage (6.0.0):
    - Flutter
  - FMDB (2.7.5):
    - FMDB/standard (= 2.7.5)
  - FMDB/standard (2.7.5)
  - google_sign_in_ios (0.0.1):
    - Flutter
    - GoogleSignIn (~> 6.2)
  - GoogleAppMeasurement (10.15.0):
    - GoogleAppMeasurement/AdIdSupport (= 10.15.0)
    - GoogleUtilities/AppDelegateSwizzler (~> 7.11)
    - GoogleUtilities/MethodSwizzler (~> 7.11)
    - GoogleUtilities/Network (~> 7.11)
    - "GoogleUtilities/NSData+zlib (~> 7.11)"
    - nanopb (< 2.30910.0, >= 2.30908.0)
  - GoogleAppMeasurement/AdIdSupport (10.15.0):
    - GoogleAppMeasurement/WithoutAdIdSupport (= 10.15.0)
    - GoogleUtilities/AppDelegateSwizzler (~> 7.11)
    - GoogleUtilities/MethodSwizzler (~> 7.11)
    - GoogleUtilities/Network (~> 7.11)
    - "GoogleUtilities/NSData+zlib (~> 7.11)"
    - nanopb (< 2.30910.0, >= 2.30908.0)
  - GoogleAppMeasurement/WithoutAdIdSupport (10.15.0):
    - GoogleUtilities/AppDelegateSwizzler (~> 7.11)
    - GoogleUtilities/MethodSwizzler (~> 7.11)
    - GoogleUtilities/Network (~> 7.11)
    - "GoogleUtilities/NSData+zlib (~> 7.11)"
    - nanopb (< 2.30910.0, >= 2.30908.0)
  - GoogleDataTransport (9.2.5):
    - GoogleUtilities/Environment (~> 7.7)
    - nanopb (< 2.30910.0, >= 2.30908.0)
    - PromisesObjC (< 3.0, >= 1.2)
  - GoogleSignIn (6.2.4):
    - AppAuth (~> 1.5)
    - GTMAppAuth (~> 1.3)
    - GTMSessionFetcher/Core (< 3.0, >= 1.1)
  - GoogleUtilities/AppDelegateSwizzler (7.11.5):
    - GoogleUtilities/Environment
    - GoogleUtilities/Logger
    - GoogleUtilities/Network
  - GoogleUtilities/Environment (7.11.5):
    - PromisesObjC (< 3.0, >= 1.2)
  - GoogleUtilities/Logger (7.11.5):
    - GoogleUtilities/Environment
  - GoogleUtilities/MethodSwizzler (7.11.5):
    - GoogleUtilities/Logger
  - GoogleUtilities/Network (7.11.5):
    - GoogleUtilities/Logger
    - "GoogleUtilities/NSData+zlib"
    - GoogleUtilities/Reachability
  - "GoogleUtilities/NSData+zlib (7.11.5)"
  - GoogleUtilities/Reachability (7.11.5):
    - GoogleUtilities/Logger
  - GoogleUtilities/UserDefaults (7.11.5):
    - GoogleUtilities/Logger
  - GTMAppAuth (1.3.1):
    - AppAuth/Core (~> 1.6)
    - GTMSessionFetcher/Core (< 3.0, >= 1.5)
  - GTMSessionFetcher/Core (2.3.0)
  - image_picker_ios (0.0.1):
    - Flutter
  - nanopb (2.30909.0):
    - nanopb/decode (= 2.30909.0)
    - nanopb/encode (= 2.30909.0)
  - nanopb/decode (2.30909.0)
  - nanopb/encode (2.30909.0)
  - native_device_orientation (0.0.1):
    - Flutter
  - package_info_plus (0.4.5):
    - Flutter
  - path_provider_foundation (0.0.1):
    - Flutter
    - FlutterMacOS
  - permission_handler_apple (9.1.1):
    - Flutter
  - photo_manager (2.0.0):
    - Flutter
    - FlutterMacOS
  - PromisesObjC (2.3.1)
  - Reachability (3.2)
  - SDWebImage (5.18.1):
    - SDWebImage/Core (= 5.18.1)
  - SDWebImage/Core (5.18.1)
  - shared_preferences_foundation (0.0.1):
    - Flutter
    - FlutterMacOS
  - sign_in_with_apple (0.0.1):
    - Flutter
  - social_share (0.0.1):
    - Flutter
  - sqflite (0.0.3):
    - Flutter
    - FMDB (>= 2.7.5)
  - Stripe (23.12.0):
    - StripeApplePay (= 23.12.0)
    - StripeCore (= 23.12.0)
    - StripePayments (= 23.12.0)
    - StripePaymentsUI (= 23.12.0)
    - StripeUICore (= 23.12.0)
  - stripe_ios (0.0.1):
    - Flutter
    - Stripe (~> 23.12.0)
    - StripeApplePay (~> 23.12.0)
    - StripeFinancialConnections (~> 23.12.0)
    - StripePayments (~> 23.12.0)
    - StripePaymentSheet (~> 23.12.0)
    - StripePaymentsUI (~> 23.12.0)
  - StripeApplePay (23.12.0):
    - StripeCore (= 23.12.0)
  - StripeCore (23.12.0)
  - StripeFinancialConnections (23.12.0):
    - StripeCore (= 23.12.0)
    - StripeUICore (= 23.12.0)
  - StripePayments (23.12.0):
    - StripeCore (= 23.12.0)
    - StripePayments/Stripe3DS2 (= 23.12.0)
  - StripePayments/Stripe3DS2 (23.12.0):
    - StripeCore (= 23.12.0)
  - StripePaymentSheet (23.12.0):
    - StripeApplePay (= 23.12.0)
    - StripeCore (= 23.12.0)
    - StripePayments (= 23.12.0)
    - StripePaymentsUI (= 23.12.0)
  - StripePaymentsUI (23.12.0):
    - StripeCore (= 23.12.0)
    - StripePayments (= 23.12.0)
    - StripeUICore (= 23.12.0)
  - StripeUICore (23.12.0):
    - StripeCore (= 23.12.0)
  - SwiftyGif (5.4.4)
  - uni_links (0.0.1):
    - Flutter
  - url_launcher_ios (0.0.1):
    - Flutter
  - wakelock_plus (0.0.1):
    - Flutter
  - webview_flutter_wkwebview (0.0.1):
    - Flutter
  - zego_express_engine (3.9.0):
    - Flutter
  - zego_uikit_signaling_plugin (0.0.1):
    - Flutter
  - zego_zim (2.10.0):
    - Flutter
    - ZIM (= 2.10.0)
  - zego_zpns (2.4.0):
    - Flutter
    - ZPNs (= 2.4.0)
  - ZIM (2.10.0)
  - ZIPFoundation (0.9.16)
  - ZPNs (2.4.0)

DEPENDENCIES:
  - connectivity (from `.symlinks/plugins/connectivity/ios`)
  - device_info_plus (from `.symlinks/plugins/device_info_plus/ios`)
  - facebook_app_events (from `.symlinks/plugins/facebook_app_events/ios`)
  - file_picker (from `.symlinks/plugins/file_picker/ios`)
  - firebase_analytics (from `.symlinks/plugins/firebase_analytics/ios`)
  - firebase_core (from `.symlinks/plugins/firebase_core/ios`)
  - firebase_dynamic_links (from `.symlinks/plugins/firebase_dynamic_links/ios`)
  - firebase_messaging (from `.symlinks/plugins/firebase_messaging/ios`)
  - Flutter (from `Flutter`)
  - flutter_logs (from `.symlinks/plugins/flutter_logs/ios`)
  - flutter_native_splash (from `.symlinks/plugins/flutter_native_splash/ios`)
  - flutter_secure_storage (from `.symlinks/plugins/flutter_secure_storage/ios`)
  - google_sign_in_ios (from `.symlinks/plugins/google_sign_in_ios/ios`)
  - image_picker_ios (from `.symlinks/plugins/image_picker_ios/ios`)
  - native_device_orientation (from `.symlinks/plugins/native_device_orientation/ios`)
  - package_info_plus (from `.symlinks/plugins/package_info_plus/ios`)
  - path_provider_foundation (from `.symlinks/plugins/path_provider_foundation/darwin`)
  - permission_handler_apple (from `.symlinks/plugins/permission_handler_apple/ios`)
  - photo_manager (from `.symlinks/plugins/photo_manager/ios`)
  - shared_preferences_foundation (from `.symlinks/plugins/shared_preferences_foundation/darwin`)
  - sign_in_with_apple (from `.symlinks/plugins/sign_in_with_apple/ios`)
  - social_share (from `.symlinks/plugins/social_share/ios`)
  - sqflite (from `.symlinks/plugins/sqflite/ios`)
  - stripe_ios (from `.symlinks/plugins/stripe_ios/ios`)
  - uni_links (from `.symlinks/plugins/uni_links/ios`)
  - url_launcher_ios (from `.symlinks/plugins/url_launcher_ios/ios`)
  - wakelock_plus (from `.symlinks/plugins/wakelock_plus/ios`)
  - webview_flutter_wkwebview (from `.symlinks/plugins/webview_flutter_wkwebview/ios`)
  - zego_express_engine (from `.symlinks/plugins/zego_express_engine/ios`)
  - zego_uikit_signaling_plugin (from `.symlinks/plugins/zego_uikit_signaling_plugin/ios`)
  - zego_zim (from `.symlinks/plugins/zego_zim/ios`)
  - zego_zpns (from `.symlinks/plugins/zego_zpns/ios`)

SPEC REPOS:
  trunk:
    - AppAuth
    - DKImagePickerController
    - DKPhotoGallery
    - FBAEMKit
    - FBAudienceNetwork
    - FBSDKCoreKit
    - FBSDKCoreKit_Basics
    - Firebase
    - FirebaseAnalytics
    - FirebaseCore
    - FirebaseCoreInternal
    - FirebaseDynamicLinks
    - FirebaseInstallations
    - FirebaseMessaging
    - FMDB
    - GoogleAppMeasurement
    - GoogleDataTransport
    - GoogleSignIn
    - GoogleUtilities
    - GTMAppAuth
    - GTMSessionFetcher
    - nanopb
    - PromisesObjC
    - Reachability
    - SDWebImage
    - Stripe
    - StripeApplePay
    - StripeCore
    - StripeFinancialConnections
    - StripePayments
    - StripePaymentSheet
    - StripePaymentsUI
    - StripeUICore
    - SwiftyGif
    - ZIM
    - ZIPFoundation
    - ZPNs

EXTERNAL SOURCES:
  connectivity:
    :path: ".symlinks/plugins/connectivity/ios"
  device_info_plus:
    :path: ".symlinks/plugins/device_info_plus/ios"
  facebook_app_events:
    :path: ".symlinks/plugins/facebook_app_events/ios"
  file_picker:
    :path: ".symlinks/plugins/file_picker/ios"
  firebase_analytics:
    :path: ".symlinks/plugins/firebase_analytics/ios"
  firebase_core:
    :path: ".symlinks/plugins/firebase_core/ios"
  firebase_dynamic_links:
    :path: ".symlinks/plugins/firebase_dynamic_links/ios"
  firebase_messaging:
    :path: ".symlinks/plugins/firebase_messaging/ios"
  Flutter:
    :path: Flutter
  flutter_logs:
    :path: ".symlinks/plugins/flutter_logs/ios"
  flutter_native_splash:
    :path: ".symlinks/plugins/flutter_native_splash/ios"
  flutter_secure_storage:
    :path: ".symlinks/plugins/flutter_secure_storage/ios"
  google_sign_in_ios:
    :path: ".symlinks/plugins/google_sign_in_ios/ios"
  image_picker_ios:
    :path: ".symlinks/plugins/image_picker_ios/ios"
  native_device_orientation:
    :path: ".symlinks/plugins/native_device_orientation/ios"
  package_info_plus:
    :path: ".symlinks/plugins/package_info_plus/ios"
  path_provider_foundation:
    :path: ".symlinks/plugins/path_provider_foundation/darwin"
  permission_handler_apple:
    :path: ".symlinks/plugins/permission_handler_apple/ios"
  photo_manager:
    :path: ".symlinks/plugins/photo_manager/ios"
  shared_preferences_foundation:
    :path: ".symlinks/plugins/shared_preferences_foundation/darwin"
  sign_in_with_apple:
    :path: ".symlinks/plugins/sign_in_with_apple/ios"
  social_share:
    :path: ".symlinks/plugins/social_share/ios"
  sqflite:
    :path: ".symlinks/plugins/sqflite/ios"
  stripe_ios:
    :path: ".symlinks/plugins/stripe_ios/ios"
  uni_links:
    :path: ".symlinks/plugins/uni_links/ios"
  url_launcher_ios:
    :path: ".symlinks/plugins/url_launcher_ios/ios"
  wakelock_plus:
    :path: ".symlinks/plugins/wakelock_plus/ios"
  webview_flutter_wkwebview:
    :path: ".symlinks/plugins/webview_flutter_wkwebview/ios"
  zego_express_engine:
    :path: ".symlinks/plugins/zego_express_engine/ios"
  zego_uikit_signaling_plugin:
    :path: ".symlinks/plugins/zego_uikit_signaling_plugin/ios"
  zego_zim:
    :path: ".symlinks/plugins/zego_zim/ios"
  zego_zpns:
    :path: ".symlinks/plugins/zego_zpns/ios"

SPEC CHECKSUMS:
  AppAuth: 3bb1d1cd9340bd09f5ed189fb00b1cc28e1e8570
  connectivity: c4130b2985d4ef6fd26f9702e886bd5260681467
  device_info_plus: 7545d84d8d1b896cb16a4ff98c19f07ec4b298ea
  DKImagePickerController: b512c28220a2b8ac7419f21c491fc8534b7601ac
  DKPhotoGallery: fdfad5125a9fdda9cc57df834d49df790dbb4179
  facebook_app_events: deb163f1f7fa13213192532bbc84ff0b0d798bc2
  FBAEMKit: af2972f39bb0f3f7c45998f435b007833c32ffb2
  FBAudienceNetwork: 03e273f66b70756be7d060927111af97b7641b06
  FBSDKCoreKit: 19e2e18b3be578d7a51fed8fdd8c152bef0b9511
  FBSDKCoreKit_Basics: dd9826ce3c9fd9f8cdf8dbbd0ef0a53e6c0c9e7e
  file_picker: ce3938a0df3cc1ef404671531facef740d03f920
  Firebase: 66043bd4579e5b73811f96829c694c7af8d67435
  firebase_analytics: f153c564d6a7675e56e4f171454b9f1b3e7b6601
  firebase_core: 28e84c2a4fcf6a50ef83f47b145ded8c1fa331e4
  firebase_dynamic_links: 52f5d054c676061cf17f4390f3bad9cc964cfdeb
  firebase_messaging: 91ec967913a5d144f951b3c3ac17a57796d38735
  FirebaseAnalytics: 47cef43728f81a839cf1306576bdd77ffa2eac7e
  FirebaseCore: 2cec518b43635f96afe7ac3a9c513e47558abd2e
  FirebaseCoreInternal: 2f4bee5ed00301b5e56da0849268797a2dd31fb4
  FirebaseDynamicLinks: 206d4ed3efd2b722822598017f3980d9fda89815
  FirebaseInstallations: cae95cab0f965ce05b805189de1d4c70b11c76fb
  FirebaseMessaging: 0c0ae1eb722ef0c07f7801e5ded8dccd1357d6d4
  Flutter: f04841e97a9d0b0a8025694d0796dd46242b2854
  flutter_logs: 5d0dca26963e0f30b11a995a764744ef77d5d428
  flutter_native_splash: 52501b97d1c0a5f898d687f1646226c1f93c56ef
  flutter_secure_storage: 23fc622d89d073675f2eaa109381aefbcf5a49be
  FMDB: 2ce00b547f966261cd18927a3ddb07cb6f3db82a
  google_sign_in_ios: 1256ff9d941db546373826966720b0c24804bcdd
  GoogleAppMeasurement: 722db6550d1e6d552b08398b69a975ac61039338
  GoogleDataTransport: 54dee9d48d14580407f8f5fbf2f496e92437a2f2
  GoogleSignIn: 5651ce3a61e56ca864160e79b484cd9ed3f49b7a
  GoogleUtilities: 13e2c67ede716b8741c7989e26893d151b2b2084
  GTMAppAuth: 0ff230db599948a9ad7470ca667337803b3fc4dd
  GTMSessionFetcher: 3a63d75eecd6aa32c2fc79f578064e1214dfdec2
  image_picker_ios: 4a8aadfbb6dc30ad5141a2ce3832af9214a705b5
  nanopb: b552cce312b6c8484180ef47159bc0f65a1f0431
  native_device_orientation: 3b4cfc9565a7b879cc4fde282b3e27745e852d0d
  package_info_plus: fd030dabf36271f146f1f3beacd48f564b0f17f7
  path_provider_foundation: 29f094ae23ebbca9d3d0cec13889cd9060c0e943
  permission_handler_apple: e76247795d700c14ea09e3a2d8855d41ee80a2e6
  photo_manager: 4f6810b7dfc4feb03b461ac1a70dacf91fba7604
  PromisesObjC: c50d2056b5253dadbd6c2bea79b0674bd5a52fa4
  Reachability: 33e18b67625424e47b6cde6d202dce689ad7af96
  SDWebImage: ebdbcebc7933a45226d9313bd0118bc052ad458b
  shared_preferences_foundation: 5b919d13b803cadd15ed2dc053125c68730e5126
  sign_in_with_apple: f3bf75217ea4c2c8b91823f225d70230119b8440
  social_share: 702a5e3842addd22db515aa9e1e00a4b80a0296d
  sqflite: 31f7eba61e3074736dff8807a9b41581e4f7f15a
  Stripe: 15fad81ffb8d553d77ff504a6d50d47b9028bed0
  stripe_ios: 872ce75ce051b4070d061a185c8b7b67323c9f30
  StripeApplePay: 871274acfa7a96650ea8a697c288c54b8288fb6e
  StripeCore: 7b08fd286e8f8f5336eb725bc7ed1d2a4705cdc4
  StripeFinancialConnections: 561831507db3d383be3933a3979f1b9d287a15e7
  StripePayments: 081e01e73762852ccf3e662202d5dd4107634058
  StripePaymentSheet: ec04397e9223c86a87be8b348cdbcf2075dd7a16
  StripePaymentsUI: 3dae7fed9b148b2749dff622ece45f9b441b88ce
  StripeUICore: 4a76fa59cab679e1b2fe1ad37d6b08c5bf2ada54
  SwiftyGif: 93a1cc87bf3a51916001cf8f3d63835fb64c819f
  uni_links: d97da20c7701486ba192624d99bffaaffcfc298a
  url_launcher_ios: 08a3dfac5fb39e8759aeb0abbd5d9480f30fc8b4
  wakelock_plus: 8b09852c8876491e4b6d179e17dfe2a0b5f60d47
  webview_flutter_wkwebview: b7e70ef1ddded7e69c796c7390ee74180182971f
  zego_express_engine: f2abe70e6484d4d199e516d4c2d72127f64b1edd
  zego_uikit_signaling_plugin: 7fdfcd9f796b591c9cb8770609f4fa85178aa40e
  zego_zim: c344b303b00434e70f7a25a756d42be6082c507f
  zego_zpns: 45f07ef9b5b3e34bd61544290f8f49c1ae007db2
  ZIM: b0f5fdf211b723819043019373f9003d5e98420d
  ZIPFoundation: d170fa8e270b2a32bef9dcdcabff5b8f1a5deced
  ZPNs: 2ef89a571260ca9ffe4fc3394413ff19b8e372be

PODFILE CHECKSUM: f70a285fd8b33776a553c75657fa301fe0b21452

COCOAPODS: 1.12.1
